
Microsoft Visual Studio Solution File, Format Version 12.00
# Visual Studio Version 17
VisualStudioVersion = 17.13.35825.156 d17.13
MinimumVisualStudioVersion = 10.0.40219.1
Project("{FAE04EC0-301F-11D3-BF4B-00C04F79EFBC}") = "TezMektepKz", "TezMektepKz\TezMektepKz.csproj", "{0C1B5ED2-1A34-4773-987F-CA07F207FE4F}"
EndProject
Global
	GlobalSection(SolutionConfigurationPlatforms) = preSolution
		Debug|Any CPU = Debug|Any CPU
		Release|Any CPU = Release|Any CPU
	EndGlobalSection
	GlobalSection(ProjectConfigurationPlatforms) = postSolution
		{0C1B5ED2-1A34-4773-987F-CA07F207FE4F}.Debug|Any CPU.ActiveCfg = Debug|Any CPU
		{0C1B5ED2-1A34-4773-987F-CA07F207FE4F}.Debug|Any CPU.Build.0 = Debug|Any CPU
		{0C1B5ED2-1A34-4773-987F-CA07F207FE4F}.Release|Any CPU.ActiveCfg = Release|Any CPU
		{0C1B5ED2-1A34-4773-987F-CA07F207FE4F}.Release|Any CPU.Build.0 = Release|Any CPU
	EndGlobalSection
	GlobalSection(SolutionProperties) = preSolution
		HideSolutionNode = FALSE
	EndGlobalSection
	GlobalSection(ExtensibilityGlobals) = postSolution
		SolutionGuid = {CC756BC7-05DC-474F-986F-65B5610BD76D}
	EndGlobalSection
EndGlobal
